<?xml version="1.0" encoding="utf-8"?>
<Project ToolsVersion="4.0" xmlns="http://schemas.microsoft.com/developer/msbuild/2003">
  <ItemGroup>
    <Filter Include="Source files">
      <UniqueIdentifier>{5ca3eca0-b8be-46b7-96f7-e0281e7680bb}</UniqueIdentifier>
      <Extensions>cpp;c;cc;cxx;def;odl;idl;hpj;bat;asm;asmx</Extensions>
    </Filter>
    <Filter Include="Header files">
      <UniqueIdentifier>{532fb8bf-5545-45d3-bd59-eced0cadc044}</UniqueIdentifier>
      <Extensions>h;hpp;hxx;hm;inl;inc;xsd</Extensions>
    </Filter>
    <Filter Include="Resource files">
      <UniqueIdentifier>{49f100f4-40ae-4aed-92f6-089320eed395}</UniqueIdentifier>
      <Extensions>rc;ico;cur;bmp;dlg;rc2;rct;bin;rgs;gif;jpg;jpeg;jpe;resx;tiff;tif;png;wav</Extensions>
    </Filter>
    <Filter Include="Make files">
      <UniqueIdentifier>{10cca0f8-cdcf-422a-a128-4878f6c5e9a7}</UniqueIdentifier>
    </Filter>
    <Filter Include="VisualGDB settings">
      <UniqueIdentifier>{79c1a2a4-cd7f-4c1d-8179-8e7f755929c1}</UniqueIdentifier>
    </Filter>
  </ItemGroup>
  <ItemGroup>
    <ClCompile Include="learn_algo.cpp">
      <Filter>Source files</Filter>
    </ClCompile>
    <None Include="debug.mak">
      <Filter>Make files</Filter>
    </None>
    <None Include="release.mak">
      <Filter>Make files</Filter>
    </None>
    <None Include="learn_algo-Debug.vgdbsettings">
      <Filter>VisualGDB settings</Filter>
    </None>
    <None Include="learn_algo-Release.vgdbsettings">
      <Filter>VisualGDB settings</Filter>
    </None>
    <ClCompile Include="LinkedList.cpp">
      <Filter>Header files</Filter>
    </ClCompile>
  </ItemGroup>
  <ItemGroup>
    <None Include="Makefile" />
  </ItemGroup>
  <ItemGroup>
    <ClInclude Include="ArrayQueue.hpp">
      <Filter>Header files</Filter>
    </ClInclude>
    <ClInclude Include="CircularQueue.hpp">
      <Filter>Header files</Filter>
    </ClInclude>
    <ClInclude Include="LinkedList.hpp">
      <Filter>Header files</Filter>
    </ClInclude>
    <ClInclude Include="stack.hpp">
      <Filter>Header files</Filter>
    </ClInclude>
    <ClInclude Include="learn_sort.hpp">
      <Filter>Header files</Filter>
    </ClInclude>
  </ItemGroup>
</Project>